// !$*UTF8*$!
{
	archiveVersion = 1;
	classes = {
	};
	objectVersion = 46;
	objects = {

/* Begin PBXBuildFile section */
		1BDE561B1C85520F002659A4 /* AppDelegate.swift in Sources */ = {isa = PBXBuildFile; fileRef = 1BDE561A1C85520F002659A4 /* AppDelegate.swift */; };
		1BDE561D1C85520F002659A4 /* ViewController.swift in Sources */ = {isa = PBXBuildFile; fileRef = 1BDE561C1C85520F002659A4 /* ViewController.swift */; };
		1BDE56201C85520F002659A4 /* Main.storyboard in Resources */ = {isa = PBXBuildFile; fileRef = 1BDE561E1C85520F002659A4 /* Main.storyboard */; };
		1BDE56221C85520F002659A4 /* Assets.xcassets in Resources */ = {isa = PBXBuildFile; fileRef = 1BDE56211C85520F002659A4 /* Assets.xcassets */; };
		1BDE56251C85520F002659A4 /* LaunchScreen.storyboard in Resources */ = {isa = PBXBuildFile; fileRef = 1BDE56231C85520F002659A4 /* LaunchScreen.storyboard */; };
		1BDE56301C85520F002659A4 /* retro_calculatorTests.swift in Sources */ = {isa = PBXBuildFile; fileRef = 1BDE562F1C85520F002659A4 /* retro_calculatorTests.swift */; };
		1BDE563B1C85520F002659A4 /* retro_calculatorUITests.swift in Sources */ = {isa = PBXBuildFile; fileRef = 1BDE563A1C85520F002659A4 /* retro_calculatorUITests.swift */; };
		1BDE56491C856BAC002659A4 /* Minecraft.ttf in Resources */ = {isa = PBXBuildFile; fileRef = 1BDE56481C856BAC002659A4 /* Minecraft.ttf */; };
		1BDE564B1C856FEA002659A4 /* btn.wav in Resources */ = {isa = PBXBuildFile; fileRef = 1BDE564A1C856FEA002659A4 /* btn.wav */; };
/* End PBXBuildFile section */

/* Begin PBXContainerItemProxy section */
		1BDE562C1C85520F002659A4 /* PBXContainerItemProxy */ = {
			isa = PBXContainerItemProxy;
			containerPortal = 1BDE560F1C85520F002659A4 /* Project object */;
			proxyType = 1;
			remoteGlobalIDString = 1BDE56161C85520F002659A4;
			remoteInfo = "retro-calculator";
		};
		1BDE56371C85520F002659A4 /* PBXContainerItemProxy */ = {
			isa = PBXContainerItemProxy;
			containerPortal = 1BDE560F1C85520F002659A4 /* Project object */;
			proxyType = 1;
			remoteGlobalIDString = 1BDE56161C85520F002659A4;
			remoteInfo = "retro-calculator";
		};
/* End PBXContainerItemProxy section */

/* Begin PBXFileReference section */
		1BDE56171C85520F002659A4 /* retro-calculator.app */ = {isa = PBXFileReference; explicitFileType = wrapper.application; includeInIndex = 0; path = "retro-calculator.app"; sourceTree = BUILT_PRODUCTS_DIR; };
		1BDE561A1C85520F002659A4 /* AppDelegate.swift */ = {isa = PBXFileReference; lastKnownFileType = sourcecode.swift; path = AppDelegate.swift; sourceTree = "<group>"; };
		1BDE561C1C85520F002659A4 /* ViewController.swift */ = {isa = PBXFileReference; lastKnownFileType = sourcecode.swift; path = ViewController.swift; sourceTree = "<group>"; };
		1BDE561F1C85520F002659A4 /* Base */ = {isa = PBXFileReference; lastKnownFileType = file.storyboard; name = Base; path = Base.lproj/Main.storyboard; sourceTree = "<group>"; };
		1BDE56211C85520F002659A4 /* Assets.xcassets */ = {isa = PBXFileReference; lastKnownFileType = folder.assetcatalog; path = Assets.xcassets; sourceTree = "<group>"; };
		1BDE56241C85520F002659A4 /* Base */ = {isa = PBXFileReference; lastKnownFileType = file.storyboard; name = Base; path = Base.lproj/LaunchScreen.storyboard; sourceTree = "<group>"; };
		1BDE56261C85520F002659A4 /* Info.plist */ = {isa = PBXFileReference; lastKnownFileType = text.plist.xml; path = Info.plist; sourceTree = "<group>"; };
		1BDE562B1C85520F002659A4 /* retro-calculatorTests.xctest */ = {isa = PBXFileReference; explicitFileType = wrapper.cfbundle; includeInIndex = 0; path = "retro-calculatorTests.xctest"; sourceTree = BUILT_PRODUCTS_DIR; };
		1BDE562F1C85520F002659A4 /* retro_calculatorTests.swift */ = {isa = PBXFileReference; lastKnownFileType = sourcecode.swift; path = retro_calculatorTests.swift; sourceTree = "<group>"; };
		1BDE56311C85520F002659A4 /* Info.plist */ = {isa = PBXFileReference; lastKnownFileType = text.plist.xml; path = Info.plist; sourceTree = "<group>"; };
		1BDE56361C85520F002659A4 /* retro-calculatorUITests.xctest */ = {isa = PBXFileReference; explicitFileType = wrapper.cfbundle; includeInIndex = 0; path = "retro-calculatorUITests.xctest"; sourceTree = BUILT_PRODUCTS_DIR; };
		1BDE563A1C85520F002659A4 /* retro_calculatorUITests.swift */ = {isa = PBXFileReference; lastKnownFileType = sourcecode.swift; path = retro_calculatorUITests.swift; sourceTree = "<group>"; };
		1BDE563C1C85520F002659A4 /* Info.plist */ = {isa = PBXFileReference; lastKnownFileType = text.plist.xml; path = Info.plist; sourceTree = "<group>"; };
		1BDE56481C856BAC002659A4 /* Minecraft.ttf */ = {isa = PBXFileReference; lastKnownFileType = file; path = Minecraft.ttf; sourceTree = "<group>"; };
		1BDE564A1C856FEA002659A4 /* btn.wav */ = {isa = PBXFileReference; lastKnownFileType = audio.wav; path = btn.wav; sourceTree = "<group>"; };
/* End PBXFileReference section */

/* Begin PBXFrameworksBuildPhase section */
		1BDE56141C85520F002659A4 /* Frameworks */ = {
			isa = PBXFrameworksBuildPhase;
			buildActionMask = 2147483647;
			files = (
			);
			runOnlyForDeploymentPostprocessing = 0;
		};
		1BDE56281C85520F002659A4 /* Frameworks */ = {
			isa = PBXFrameworksBuildPhase;
			buildActionMask = 2147483647;
			files = (
			);
			runOnlyForDeploymentPostprocessing = 0;
		};
		1BDE56331C85520F002659A4 /* Frameworks */ = {
			isa = PBXFrameworksBuildPhase;
			buildActionMask = 2147483647;
			files = (
			);
			runOnlyForDeploymentPostprocessing = 0;
		};
/* End PBXFrameworksBuildPhase section */

/* Begin PBXGroup section */
		1BDE560E1C85520F002659A4 = {
			isa = PBXGroup;
			children = (
				1BDE56191C85520F002659A4 /* retro-calculator */,
				1BDE562E1C85520F002659A4 /* retro-calculatorTests */,
				1BDE56391C85520F002659A4 /* retro-calculatorUITests */,
				1BDE56181C85520F002659A4 /* Products */,
			);
			sourceTree = "<group>";
		};
		1BDE56181C85520F002659A4 /* Products */ = {
			isa = PBXGroup;
			children = (
				1BDE56171C85520F002659A4 /* retro-calculator.app */,
				1BDE562B1C85520F002659A4 /* retro-calculatorTests.xctest */,
				1BDE56361C85520F002659A4 /* retro-calculatorUITests.xctest */,
			);
			name = Products;
			sourceTree = "<group>";
		};
		1BDE56191C85520F002659A4 /* retro-calculator */ = {
			isa = PBXGroup;
			children = (
				1BDE564A1C856FEA002659A4 /* btn.wav */,
				1BDE56481C856BAC002659A4 /* Minecraft.ttf */,
				1BDE561A1C85520F002659A4 /* AppDelegate.swift */,
				1BDE561C1C85520F002659A4 /* ViewController.swift */,
				1BDE561E1C85520F002659A4 /* Main.storyboard */,
				1BDE56211C85520F002659A4 /* Assets.xcassets */,
				1BDE56231C85520F002659A4 /* LaunchScreen.storyboard */,
				1BDE56261C85520F002659A4 /* Info.plist */,
			);
			path = "retro-calculator";
			sourceTree = "<group>";
		};
		1BDE562E1C85520F002659A4 /* retro-calculatorTests */ = {
			isa = PBXGroup;
			children = (
				1BDE562F1C85520F002659A4 /* retro_calculatorTests.swift */,
				1BDE56311C85520F002659A4 /* Info.plist */,
			);
			path = "retro-calculatorTests";
			sourceTree = "<group>";
		};
		1BDE56391C85520F002659A4 /* retro-calculatorUITests */ = {
			isa = PBXGroup;
			children = (
				1BDE563A1C85520F002659A4 /* retro_calculatorUITests.swift */,
				1BDE563C1C85520F002659A4 /* Info.plist */,
			);
			path = "retro-calculatorUITests";
			sourceTree = "<group>";
		};
/* End PBXGroup section */

/* Begin PBXNativeTarget section */
		1BDE56161C85520F002659A4 /* retro-calculator */ = {
			isa = PBXNativeTarget;
			buildConfigurationList = 1BDE563F1C85520F002659A4 /* Build configuration list for PBXNativeTarget "retro-calculator" */;
			buildPhases = (
				1BDE56131C85520F002659A4 /* Sources */,
				1BDE56141C85520F002659A4 /* Frameworks */,
				1BDE56151C85520F002659A4 /* Resources */,
			);
			buildRules = (
			);
			dependencies = (
			);
			name = "retro-calculator";
			productName = "retro-calculator";
			productReference = 1BDE56171C85520F002659A4 /* retro-calculator.app */;
			productType = "com.apple.product-type.application";
		};
		1BDE562A1C85520F002659A4 /* retro-calculatorTests */ = {
			isa = PBXNativeTarget;
			buildConfigurationList = 1BDE56421C85520F002659A4 /* Build configuration list for PBXNativeTarget "retro-calculatorTests" */;
			buildPhases = (
				1BDE56271C85520F002659A4 /* Sources */,
				1BDE56281C85520F002659A4 /* Frameworks */,
				1BDE56291C85520F002659A4 /* Resources */,
			);
			buildRules = (
			);
			dependencies = (
				1BDE562D1C85520F002659A4 /* PBXTargetDependency */,
			);
			name = "retro-calculatorTests";
			productName = "retro-calculatorTests";
			productReference = 1BDE562B1C85520F002659A4 /* retro-calculatorTests.xctest */;
			productType = "com.apple.product-type.bundle.unit-test";
		};
		1BDE56351C85520F002659A4 /* retro-calculatorUITests */ = {
			isa = PBXNativeTarget;
			buildConfigurationList = 1BDE56451C85520F002659A4 /* Build configuration list for PBXNativeTarget "retro-calculatorUITests" */;
			buildPhases = (
				1BDE56321C85520F002659A4 /* Sources */,
				1BDE56331C85520F002659A4 /* Frameworks */,
				1BDE56341C85520F002659A4 /* Resources */,
			);
			buildRules = (
			);
			dependencies = (
				1BDE56381C85520F002659A4 /* PBXTargetDependency */,
			);
			name = "retro-calculatorUITests";
			productName = "retro-calculatorUITests";
			productReference = 1BDE56361C85520F002659A4 /* retro-calculatorUITests.xctest */;
			productType = "com.apple.product-type.bundle.ui-testing";
		};
/* End PBXNativeTarget section */

/* Begin PBXProject section */
		1BDE560F1C85520F002659A4 /* Project object */ = {
			isa = PBXProject;
			attributes = {
				LastSwiftUpdateCheck = 0720;
				LastUpgradeCheck = 0720;
				ORGANIZATIONNAME = "Zu Yao";
				TargetAttributes = {
					1BDE56161C85520F002659A4 = {
						CreatedOnToolsVersion = 7.2.1;
					};
					1BDE562A1C85520F002659A4 = {
						CreatedOnToolsVersion = 7.2.1;
						TestTargetID = 1BDE56161C85520F002659A4;
					};
					1BDE56351C85520F002659A4 = {
						CreatedOnToolsVersion = 7.2.1;
						TestTargetID = 1BDE56161C85520F002659A4;
					};
				};
			};
			buildConfigurationList = 1BDE56121C85520F002659A4 /* Build configuration list for PBXProject "retro-calculator" */;
			compatibilityVersion = "Xcode 3.2";
			developmentRegion = English;
			hasScannedForEncodings = 0;
			knownRegions = (
				en,
				Base,
			);
			mainGroup = 1BDE560E1C85520F002659A4;
			productRefGroup = 1BDE56181C85520F002659A4 /* Products */;
			projectDirPath = "";
			projectRoot = "";
			targets = (
				1BDE56161C85520F002659A4 /* retro-calculator */,
				1BDE562A1C85520F002659A4 /* retro-calculatorTests */,
				1BDE56351C85520F002659A4 /* retro-calculatorUITests */,
			);
		};
/* End PBXProject section */

/* Begin PBXResourcesBuildPhase section */
		1BDE56151C85520F002659A4 /* Resources */ = {
			isa = PBXResourcesBuildPhase;
			buildActionMask = 2147483647;
			files = (
				1BDE564B1C856FEA002659A4 /* btn.wav in Resources */,
				1BDE56251C85520F002659A4 /* LaunchScreen.storyboard in Resources */,
				1BDE56221C85520F002659A4 /* Assets.xcassets in Resources */,
				1BDE56491C856BAC002659A4 /* Minecraft.ttf in Resources */,
				1BDE56201C85520F002659A4 /* Main.storyboard in Resources */,
			);
			runOnlyForDeploymentPostprocessing = 0;
		};
		1BDE56291C85520F002659A4 /* Resources */ = {
			isa = PBXResourcesBuildPhase;
			buildActionMask = 2147483647;
			files = (
			);
			runOnlyForDeploymentPostprocessing = 0;
		};
		1BDE56341C85520F002659A4 /* Resources */ = {
			isa = PBXResourcesBuildPhase;
			buildActionMask = 2147483647;
			files = (
			);
			runOnlyForDeploymentPostprocessing = 0;
		};
/* End PBXResourcesBuildPhase section */

/* Begin PBXSourcesBuildPhase section */
		1BDE56131C85520F002659A4 /* Sources */ = {
			isa = PBXSourcesBuildPhase;
			buildActionMask = 2147483647;
			files = (
				1BDE561D1C85520F002659A4 /* ViewController.swift in Sources */,
				1BDE561B1C85520F002659A4 /* AppDelegate.swift in Sources */,
			);
			runOnlyForDeploymentPostprocessing = 0;
		};
		1BDE56271C85520F002659A4 /* Sources */ = {
			isa = PBXSourcesBuildPhase;
			buildActionMask = 2147483647;
			files = (
				1BDE56301C85520F002659A4 /* retro_calculatorTests.swift in Sources */,
			);
			runOnlyForDeploymentPostprocessing = 0;
		};
		1BDE56321C85520F002659A4 /* Sources */ = {
			isa = PBXSourcesBuildPhase;
			buildActionMask = 2147483647;
			files = (
				1BDE563B1C85520F002659A4 /* retro_calculatorUITests.swift in Sources */,
			);
			runOnlyForDeploymentPostprocessing = 0;
		};
/* End PBXSourcesBuildPhase section */

/* Begin PBXTargetDependency section */
		1BDE562D1C85520F002659A4 /* PBXTargetDependency */ = {
			isa = PBXTargetDependency;
			target = 1BDE56161C85520F002659A4 /* retro-calculator */;
			targetProxy = 1BDE562C1C85520F002659A4 /* PBXContainerItemProxy */;
		};
		1BDE56381C85520F002659A4 /* PBXTargetDependency */ = {
			isa = PBXTargetDependency;
			target = 1BDE56161C85520F002659A4 /* retro-calculator */;
			targetProxy = 1BDE56371C85520F002659A4 /* PBXContainerItemProxy */;
		};
/* End PBXTargetDependency section */

/* Begin PBXVariantGroup section */
		1BDE561E1C85520F002659A4 /* Main.storyboard */ = {
			isa = PBXVariantGroup;
			children = (
				1BDE561F1C85520F002659A4 /* Base */,
			);
			name = Main.storyboard;
			sourceTree = "<group>";
		};
		1BDE56231C85520F002659A4 /* LaunchScreen.storyboard */ = {
			isa = PBXVariantGroup;
			children = (
				1BDE56241C85520F002659A4 /* Base */,
			);
			name = LaunchScreen.storyboard;
			sourceTree = "<group>";
		};
/* End PBXVariantGroup section */

/* Begin XCBuildConfiguration section */
		1BDE563D1C85520F002659A4 /* Debug */ = {
			isa = XCBuildConfiguration;
			buildSettings = {
				ALWAYS_SEARCH_USER_PATHS = NO;
				CLANG_CXX_LANGUAGE_STANDARD = "gnu++0x";
				CLANG_CXX_LIBRARY = "libc++";
				CLANG_ENABLE_MODULES = YES;
				CLANG_ENABLE_OBJC_ARC = YES;
				CLANG_WARN_BOOL_CONVERSION = YES;
				CLANG_WARN_CONSTANT_CONVERSION = YES;
				CLANG_WARN_DIRECT_OBJC_ISA_USAGE = YES_ERROR;
				CLANG_WARN_EMPTY_BODY = YES;
				CLANG_WARN_ENUM_CONVERSION = YES;
				CLANG_WARN_INT_CONVERSION = YES;
				CLANG_WARN_OBJC_ROOT_CLASS = YES_ERROR;
				CLANG_WARN_UNREACHABLE_CODE = YES;
				CLANG_WARN__DUPLICATE_METHOD_MATCH = YES;
				"CODE_SIGN_IDENTITY[sdk=iphoneos*]" = "iPhone Developer";
				COPY_PHASE_STRIP = NO;
				DEBUG_INFORMATION_FORMAT = dwarf;
				ENABLE_STRICT_OBJC_MSGSEND = YES;
				ENABLE_TESTABILITY = YES;
				GCC_C_LANGUAGE_STANDARD = gnu99;
				GCC_DYNAMIC_NO_PIC = NO;
				GCC_NO_COMMON_BLOCKS = YES;
				GCC_OPTIMIZATION_LEVEL = 0;
				GCC_PREPROCESSOR_DEFINITIONS = (
					"DEBUG=1",
					"$(inherited)",
				);
				GCC_WARN_64_TO_32_BIT_CONVERSION = YES;
				GCC_WARN_ABOUT_RETURN_TYPE = YES_ERROR;
				GCC_WARN_UNDECLARED_SELECTOR = YES;
				GCC_WARN_UNINITIALIZED_AUTOS = YES_AGGRESSIVE;
				GCC_WARN_UNUSED_FUNCTION = YES;
				GCC_WARN_UNUSED_VARIABLE = YES;
				IPHONEOS_DEPLOYMENT_TARGET = 9.2;
				MTL_ENABLE_DEBUG_INFO = YES;
				ONLY_ACTIVE_ARCH = YES;
				SDKROOT = iphoneos;
				SWIFT_OPTIMIZATION_LEVEL = "-Onone";
			};
			name = Debug;
		};
		1BDE563E1C85520F002659A4 /* Release */ = {
			isa = XCBuildConfiguration;
			buildSettings = {
				ALWAYS_SEARCH_USER_PATHS = NO;
				CLANG_CXX_LANGUAGE_STANDARD = "gnu++0x";
				CLANG_CXX_LIBRARY = "libc++";
				CLANG_ENABLE_MODULES = YES;
				CLANG_ENABLE_OBJC_ARC = YES;
				CLANG_WARN_BOOL_CONVERSION = YES;
				CLANG_WARN_CONSTANT_CONVERSION = YES;
				CLANG_WARN_DIRECT_OBJC_ISA_USAGE = YES_ERROR;
				CLANG_WARN_EMPTY_BODY = YES;
				CLANG_WARN_ENUM_CONVERSION = YES;
				CLANG_WARN_INT_CONVERSION = YES;
				CLANG_WARN_OBJC_ROOT_CLASS = YES_ERROR;
				CLANG_WARN_UNREACHABLE_CODE = YES;
				CLANG_WARN__DUPLICATE_METHOD_MATCH = YES;
				"CODE_SIGN_IDENTITY[sdk=iphoneos*]" = "iPhone Developer";
				COPY_PHASE_STRIP = NO;
				DEBUG_INFORMATION_FORMAT = "dwarf-with-dsym";
				ENABLE_NS_ASSERTIONS = NO;
				ENABLE_STRICT_OBJC_MSGSEND = YES;
				GCC_C_LANGUAGE_STANDARD = gnu99;
				GCC_NO_COMMON_BLOCKS = YES;
				GCC_WARN_64_TO_32_BIT_CONVERSION = YES;
				GCC_WARN_ABOUT_RETURN_TYPE = YES_ERROR;
				GCC_WARN_UNDECLARED_SELECTOR = YES;
				GCC_WARN_UNINITIALIZED_AUTOS = YES_AGGRESSIVE;
				GCC_WARN_UNUSED_FUNCTION = YES;
				GCC_WARN_UNUSED_VARIABLE = YES;
				IPHONEOS_DEPLOYMENT_TARGET = 9.2;
				MTL_ENABLE_DEBUG_INFO = NO;
				SDKROOT = iphoneos;
				VALIDATE_PRODUCT = YES;
			};
			name = Release;
		};
		1BDE56401C85520F002659A4 /* Debug */ = {
			isa = XCBuildConfiguration;
			buildSettings = {
				ASSETCATALOG_COMPILER_APPICON_NAME = AppIcon;
				INFOPLIST_FILE = "retro-calculator/Info.plist";
				LD_RUNPATH_SEARCH_PATHS = "$(inherited) @executable_path/Frameworks";
				PRODUCT_BUNDLE_IDENTIFIER = "com.dev.retro-calculator";
				PRODUCT_NAME = "$(TARGET_NAME)";
			};
			name = Debug;
		};
		1BDE56411C85520F002659A4 /* Release */ = {
			isa = XCBuildConfiguration;
			buildSettings = {
				ASSETCATALOG_COMPILER_APPICON_NAME = AppIcon;
				INFOPLIST_FILE = "retro-calculator/Info.plist";
				LD_RUNPATH_SEARCH_PATHS = "$(inherited) @executable_path/Frameworks";
				PRODUCT_BUNDLE_IDENTIFIER = "com.dev.retro-calculator";
				PRODUCT_NAME = "$(TARGET_NAME)";
			};
			name = Release;
		};
		1BDE56431C85520F002659A4 /* Debug */ = {
			isa = XCBuildConfiguration;
			buildSettings = {
				BUNDLE_LOADER = "$(TEST_HOST)";
				INFOPLIST_FILE = "retro-calculatorTests/Info.plist";
				LD_RUNPATH_SEARCH_PATHS = "$(inherited) @executable_path/Frameworks @loader_path/Frameworks";
				PRODUCT_BUNDLE_IDENTIFIER = "com.dev.retro-calculatorTests";
				PRODUCT_NAME = "$(TARGET_NAME)";
				TEST_HOST = "$(BUILT_PRODUCTS_DIR)/retro-calculator.app/retro-calculator";
			};
			name = Debug;
		};
		1BDE56441C85520F002659A4 /* Release */ = {
			isa = XCBuildConfiguration;
			buildSettings = {
				BUNDLE_LOADER = "$(TEST_HOST)";
				INFOPLIST_FILE = "retro-calculatorTests/Info.plist";
				LD_RUNPATH_SEARCH_PATHS = "$(inherited) @executable_path/Frameworks @loader_path/Frameworks";
				PRODUCT_BUNDLE_IDENTIFIER = "com.dev.retro-calculatorTests";
				PRODUCT_NAME = "$(TARGET_NAME)";
				TEST_HOST = "$(BUILT_PRODUCTS_DIR)/retro-calculator.app/retro-calculator";
			};
			name = Release;
		};
		1BDE56461C85520F002659A4 /* Debug */ = {
			isa = XCBuildConfiguration;
			buildSettings = {
				INFOPLIST_FILE = "retro-calculatorUITests/Info.plist";
				LD_RUNPATH_SEARCH_PATHS = "$(inherited) @executable_path/Frameworks @loader_path/Frameworks";
				PRODUCT_BUNDLE_IDENTIFIER = "com.dev.retro-calculatorUITests";
				PRODUCT_NAME = "$(TARGET_NAME)";
				TEST_TARGET_NAME = "retro-calculator";
				USES_XCTRUNNER = YES;
			};
			name = Debug;
		};
		1BDE56471C85520F002659A4 /* Release */ = {
			isa = XCBuildConfiguration;
			buildSettings = {
				INFOPLIST_FILE = "retro-calculatorUITests/Info.plist";
				LD_RUNPATH_SEARCH_PATHS = "$(inherited) @executable_path/Frameworks @loader_path/Frameworks";
				PRODUCT_BUNDLE_IDENTIFIER = "com.dev.retro-calculatorUITests";
				PRODUCT_NAME = "$(TARGET_NAME)";
				TEST_TARGET_NAME = "retro-calculator";
				USES_XCTRUNNER = YES;
			};
			name = Release;
		};
/* End XCBuildConfiguration section */

/* Begin XCConfigurationList section */
		1BDE56121C85520F002659A4 /* Build configuration list for PBXProject "retro-calculator" */ = {
			isa = XCConfigurationList;
			buildConfigurations = (
				1BDE563D1C85520F002659A4 /* Debug */,
				1BDE563E1C85520F002659A4 /* Release */,
			);
			defaultConfigurationIsVisible = 0;
			defaultConfigurationName = Release;
		};
		1BDE563F1C85520F002659A4 /* Build configuration list for PBXNativeTarget "retro-calculator" */ = {
			isa = XCConfigurationList;
			buildConfigurations = (
				1BDE56401C85520F002659A4 /* Debug */,
				1BDE56411C85520F002659A4 /* Release */,
			);
			defaultConfigurationIsVisible = 0;
		};
		1BDE56421C85520F002659A4 /* Build configuration list for PBXNativeTarget "retro-calculatorTests" */ = {
			isa = XCConfigurationList;
			buildConfigurations = (
				1BDE56431C85520F002659A4 /* Debug */,
				1BDE56441C85520F002659A4 /* Release */,
			);
			defaultConfigurationIsVisible = 0;
		};
		1BDE56451C85520F002659A4 /* Build configuration list for PBXNativeTarget "retro-calculatorUITests" */ = {
			isa = XCConfigurationList;
			buildConfigurations = (
				1BDE56461C85520F002659A4 /* Debug */,
				1BDE56471C85520F002659A4 /* Release */,
			);
			defaultConfigurationIsVisible = 0;
		};
/* End XCConfigurationList section */
	};
	rootObject = 1BDE560F1C85520F002659A4 /* Project object */;
}
